
Microsoft Visual Studio Solution File, Format Version 12.00
# Visual Studio Version 17
VisualStudioVersion = 17.11.35327.3
MinimumVisualStudioVersion = 10.0.40219.1
Project("{FAE04EC0-301F-11D3-BF4B-00C04F79EFBC}") = "TheGiggle", "TheGiggle\TheGiggle.csproj", "{0424EBCE-6676-49BA-BFAD-38723DCD3F91}"
EndProject
Project("{FAE04EC0-301F-11D3-BF4B-00C04F79EFBC}") = "DemoRolls", "DemoRolls\DemoRolls.csproj", "{4BB27341-68C0-4A7C-9921-F42E698C9D12}"
EndProject
Global
	GlobalSection(SolutionConfigurationPlatforms) = preSolution
		Debug|Any CPU = Debug|Any CPU
		Release|Any CPU = Release|Any CPU
	EndGlobalSection
	GlobalSection(ProjectConfigurationPlatforms) = postSolution
		{0424EBCE-6676-49BA-BFAD-38723DCD3F91}.Debug|Any CPU.ActiveCfg = Debug|Any CPU
		{0424EBCE-6676-49BA-BFAD-38723DCD3F91}.Debug|Any CPU.Build.0 = Debug|Any CPU
		{0424EBCE-6676-49BA-BFAD-38723DCD3F91}.Release|Any CPU.ActiveCfg = Release|Any CPU
		{0424EBCE-6676-49BA-BFAD-38723DCD3F91}.Release|Any CPU.Build.0 = Release|Any CPU
		{4BB27341-68C0-4A7C-9921-F42E698C9D12}.Debug|Any CPU.ActiveCfg = Debug|Any CPU
		{4BB27341-68C0-4A7C-9921-F42E698C9D12}.Debug|Any CPU.Build.0 = Debug|Any CPU
		{4BB27341-68C0-4A7C-9921-F42E698C9D12}.Release|Any CPU.ActiveCfg = Release|Any CPU
		{4BB27341-68C0-4A7C-9921-F42E698C9D12}.Release|Any CPU.Build.0 = Release|Any CPU
	EndGlobalSection
	GlobalSection(SolutionProperties) = preSolution
		HideSolutionNode = FALSE
	EndGlobalSection
	GlobalSection(ExtensibilityGlobals) = postSolution
		SolutionGuid = {D43127E1-F0EB-46AC-8E11-1F08B161D62A}
	EndGlobalSection
EndGlobal
